
Microsoft Visual Studio Solution File, Format Version 12.00
# Visual Studio Version 17
VisualStudioVersion = 17.1.32414.318
MinimumVisualStudioVersion = 10.0.40219.1
Project("{9A19103F-16F7-4668-BE54-9A1E7A4F7556}") = "Relax.Characters", "Relax.Characters\Relax.Characters.csproj", "{81CECCE6-7BA7-4F0C-ABA1-4FDB68C4F3EB}"
EndProject
Project("{2150E333-8FDC-42A3-9474-1A3956D46DE8}") = "Libs", "Libs", "{8CE7E779-2DC6-4E9C-B254-2A494E22C5AA}"
EndProject
Project("{9A19103F-16F7-4668-BE54-9A1E7A4F7556}") = "Relax.Characters.Client", "Relax.Characters.Client\Relax.Characters.Client.csproj", "{83F2044E-D2D6-45F0-AF26-BFF1F79A84C3}"
EndProject
Project("{9A19103F-16F7-4668-BE54-9A1E7A4F7556}") = "Relax.Characters.Models", "Relax.Characters.Models\Relax.Characters.Models.csproj", "{64948DB6-8CB4-4047-B346-A5163612436A}"
EndProject
Project("{9A19103F-16F7-4668-BE54-9A1E7A4F7556}") = "Relax.Characters.Tests", "Relax.Characters.Tests\Relax.Characters.Tests.csproj", "{3EEC6E41-5A6D-4DEE-A6CD-52CD1BE73635}"
EndProject
Project("{9A19103F-16F7-4668-BE54-9A1E7A4F7556}") = "Relax.Characters.DbRepositories", "Relax.Characters.DbRepositories\Relax.Characters.DbRepositories.csproj", "{6E996BDB-0B6D-4313-A50C-90EC55A59472}"
EndProject
Project("{9A19103F-16F7-4668-BE54-9A1E7A4F7556}") = "Relax.Characters.InternalModels", "Relax.Characters.InternalModels\Relax.Characters.InternalModels.csproj", "{EBA7F4F6-4418-486A-865B-AA3016D1CE0B}"
EndProject
Project("{9A19103F-16F7-4668-BE54-9A1E7A4F7556}") = "Kalantyr.Web", "..\..\Kalantyr\Kalantyr.Libs\Kalantyr.Web\Kalantyr.Web.csproj", "{6933ADC3-3A62-4AF4-BEB6-C5F929EB2221}"
EndProject
Project("{9A19103F-16F7-4668-BE54-9A1E7A4F7556}") = "Kalantyr.Auth.Client", "..\..\Kalantyr\Kalantyr.Auth\Kalantyr.Auth.Client\Kalantyr.Auth.Client.csproj", "{3DE25661-0312-42C5-B9F0-CFD51D1E30C7}"
EndProject
Global
	GlobalSection(SolutionConfigurationPlatforms) = preSolution
		Debug|Any CPU = Debug|Any CPU
		Release|Any CPU = Release|Any CPU
	EndGlobalSection
	GlobalSection(ProjectConfigurationPlatforms) = postSolution
		{81CECCE6-7BA7-4F0C-ABA1-4FDB68C4F3EB}.Debug|Any CPU.ActiveCfg = Debug|Any CPU
		{81CECCE6-7BA7-4F0C-ABA1-4FDB68C4F3EB}.Debug|Any CPU.Build.0 = Debug|Any CPU
		{81CECCE6-7BA7-4F0C-ABA1-4FDB68C4F3EB}.Release|Any CPU.ActiveCfg = Release|Any CPU
		{81CECCE6-7BA7-4F0C-ABA1-4FDB68C4F3EB}.Release|Any CPU.Build.0 = Release|Any CPU
		{83F2044E-D2D6-45F0-AF26-BFF1F79A84C3}.Debug|Any CPU.ActiveCfg = Debug|Any CPU
		{83F2044E-D2D6-45F0-AF26-BFF1F79A84C3}.Debug|Any CPU.Build.0 = Debug|Any CPU
		{83F2044E-D2D6-45F0-AF26-BFF1F79A84C3}.Release|Any CPU.ActiveCfg = Release|Any CPU
		{83F2044E-D2D6-45F0-AF26-BFF1F79A84C3}.Release|Any CPU.Build.0 = Release|Any CPU
		{64948DB6-8CB4-4047-B346-A5163612436A}.Debug|Any CPU.ActiveCfg = Debug|Any CPU
		{64948DB6-8CB4-4047-B346-A5163612436A}.Debug|Any CPU.Build.0 = Debug|Any CPU
		{64948DB6-8CB4-4047-B346-A5163612436A}.Release|Any CPU.ActiveCfg = Release|Any CPU
		{64948DB6-8CB4-4047-B346-A5163612436A}.Release|Any CPU.Build.0 = Release|Any CPU
		{3EEC6E41-5A6D-4DEE-A6CD-52CD1BE73635}.Debug|Any CPU.ActiveCfg = Debug|Any CPU
		{3EEC6E41-5A6D-4DEE-A6CD-52CD1BE73635}.Debug|Any CPU.Build.0 = Debug|Any CPU
		{3EEC6E41-5A6D-4DEE-A6CD-52CD1BE73635}.Release|Any CPU.ActiveCfg = Release|Any CPU
		{3EEC6E41-5A6D-4DEE-A6CD-52CD1BE73635}.Release|Any CPU.Build.0 = Release|Any CPU
		{6E996BDB-0B6D-4313-A50C-90EC55A59472}.Debug|Any CPU.ActiveCfg = Debug|Any CPU
		{6E996BDB-0B6D-4313-A50C-90EC55A59472}.Debug|Any CPU.Build.0 = Debug|Any CPU
		{6E996BDB-0B6D-4313-A50C-90EC55A59472}.Release|Any CPU.ActiveCfg = Release|Any CPU
		{6E996BDB-0B6D-4313-A50C-90EC55A59472}.Release|Any CPU.Build.0 = Release|Any CPU
		{EBA7F4F6-4418-486A-865B-AA3016D1CE0B}.Debug|Any CPU.ActiveCfg = Debug|Any CPU
		{EBA7F4F6-4418-486A-865B-AA3016D1CE0B}.Debug|Any CPU.Build.0 = Debug|Any CPU
		{EBA7F4F6-4418-486A-865B-AA3016D1CE0B}.Release|Any CPU.ActiveCfg = Release|Any CPU
		{EBA7F4F6-4418-486A-865B-AA3016D1CE0B}.Release|Any CPU.Build.0 = Release|Any CPU
		{6933ADC3-3A62-4AF4-BEB6-C5F929EB2221}.Debug|Any CPU.ActiveCfg = Debug|Any CPU
		{6933ADC3-3A62-4AF4-BEB6-C5F929EB2221}.Debug|Any CPU.Build.0 = Debug|Any CPU
		{6933ADC3-3A62-4AF4-BEB6-C5F929EB2221}.Release|Any CPU.ActiveCfg = Release|Any CPU
		{6933ADC3-3A62-4AF4-BEB6-C5F929EB2221}.Release|Any CPU.Build.0 = Release|Any CPU
		{3DE25661-0312-42C5-B9F0-CFD51D1E30C7}.Debug|Any CPU.ActiveCfg = Debug|Any CPU
		{3DE25661-0312-42C5-B9F0-CFD51D1E30C7}.Debug|Any CPU.Build.0 = Debug|Any CPU
		{3DE25661-0312-42C5-B9F0-CFD51D1E30C7}.Release|Any CPU.ActiveCfg = Release|Any CPU
		{3DE25661-0312-42C5-B9F0-CFD51D1E30C7}.Release|Any CPU.Build.0 = Release|Any CPU
	EndGlobalSection
	GlobalSection(SolutionProperties) = preSolution
		HideSolutionNode = FALSE
	EndGlobalSection
	GlobalSection(NestedProjects) = preSolution
		{6933ADC3-3A62-4AF4-BEB6-C5F929EB2221} = {8CE7E779-2DC6-4E9C-B254-2A494E22C5AA}
		{3DE25661-0312-42C5-B9F0-CFD51D1E30C7} = {8CE7E779-2DC6-4E9C-B254-2A494E22C5AA}
	EndGlobalSection
	GlobalSection(ExtensibilityGlobals) = postSolution
		SolutionGuid = {DB7D233F-32BB-4504-AD92-19DCEB286833}
	EndGlobalSection
EndGlobal
